
Microsoft Visual Studio Solution File, Format Version 12.00
# Visual Studio 15
VisualStudioVersion = 15.0.28307.421
MinimumVisualStudioVersion = 10.0.40219.1
Project("{FAE04EC0-301F-11D3-BF4B-00C04F79EFBC}") = "ChartFromTxt", "ChartFromTxt\ChartFromTxt.csproj", "{B2408E72-B970-4B09-B43F-3527BC5363B2}"
EndProject
Project("{FAE04EC0-301F-11D3-BF4B-00C04F79EFBC}") = "ChartLogic", "ChartLogic\ChartLogic.csproj", "{DAD8FBBA-1C81-4F8B-AA2C-02A2454807BC}"
EndProject
Project("{2150E333-8FDC-42A3-9474-1A3956D46DE8}") = "Live-Chart", "Live-Chart", "{2BB49F05-EBDC-49B6-8EA4-D05A76C4A7BC}"
EndProject
Global
	GlobalSection(SolutionConfigurationPlatforms) = preSolution
		Debug|Any CPU = Debug|Any CPU
		Release|Any CPU = Release|Any CPU
	EndGlobalSection
	GlobalSection(ProjectConfigurationPlatforms) = postSolution
		{B2408E72-B970-4B09-B43F-3527BC5363B2}.Debug|Any CPU.ActiveCfg = Debug|Any CPU
		{B2408E72-B970-4B09-B43F-3527BC5363B2}.Debug|Any CPU.Build.0 = Debug|Any CPU
		{B2408E72-B970-4B09-B43F-3527BC5363B2}.Release|Any CPU.ActiveCfg = Release|Any CPU
		{B2408E72-B970-4B09-B43F-3527BC5363B2}.Release|Any CPU.Build.0 = Release|Any CPU
		{DAD8FBBA-1C81-4F8B-AA2C-02A2454807BC}.Debug|Any CPU.ActiveCfg = Debug|Any CPU
		{DAD8FBBA-1C81-4F8B-AA2C-02A2454807BC}.Debug|Any CPU.Build.0 = Debug|Any CPU
		{DAD8FBBA-1C81-4F8B-AA2C-02A2454807BC}.Release|Any CPU.ActiveCfg = Release|Any CPU
		{DAD8FBBA-1C81-4F8B-AA2C-02A2454807BC}.Release|Any CPU.Build.0 = Release|Any CPU
	EndGlobalSection
	GlobalSection(SolutionProperties) = preSolution
		HideSolutionNode = FALSE
	EndGlobalSection
	GlobalSection(ExtensibilityGlobals) = postSolution
		SolutionGuid = {7F6C0123-C829-4034-8A6D-4D4F3BA73BD1}
	EndGlobalSection
EndGlobal
